
Microsoft Visual Studio Solution File, Format Version 12.00
# Visual Studio 14
VisualStudioVersion = 14.0.25420.1
MinimumVisualStudioVersion = 10.0.40219.1
Project("{FAE04EC0-301F-11D3-BF4B-00C04F79EFBC}") = "OnlineExam.Model", "OnlineExam.Model\OnlineExam.Model.csproj", "{F7FCBB5F-EEA6-4EC5-8334-6613E98AADFA}"
EndProject
Project("{FAE04EC0-301F-11D3-BF4B-00C04F79EFBC}") = "OnlineExam.DAL", "OnlineExam.DAL\OnlineExam.DAL.csproj", "{2EDFF476-000E-47EE-8863-C1175D6E12FD}"
EndProject
Project("{FAE04EC0-301F-11D3-BF4B-00C04F79EFBC}") = "OnlineExam.ViewModelMapper", "OnlineExam.ViewModelMapper\OnlineExam.ViewModelMapper.csproj", "{C8F4A41E-90A3-4B9B-B6D2-E1EE20B571FC}"
EndProject
Project("{FAE04EC0-301F-11D3-BF4B-00C04F79EFBC}") = "OnlineExam.BAL", "OnlineExam.BAL\OnlineExam.BAL.csproj", "{600E493F-214B-46A8-BE0D-1EB24B72FD1E}"
EndProject
Project("{FAE04EC0-301F-11D3-BF4B-00C04F79EFBC}") = "OnlineExam.UI", "OnlineExam.UI\OnlineExam.UI.csproj", "{C4787A18-600A-471E-9184-65815050932B}"
EndProject
Global
	GlobalSection(SolutionConfigurationPlatforms) = preSolution
		Debug|Any CPU = Debug|Any CPU
		Release|Any CPU = Release|Any CPU
	EndGlobalSection
	GlobalSection(ProjectConfigurationPlatforms) = postSolution
		{F7FCBB5F-EEA6-4EC5-8334-6613E98AADFA}.Debug|Any CPU.ActiveCfg = Debug|Any CPU
		{F7FCBB5F-EEA6-4EC5-8334-6613E98AADFA}.Debug|Any CPU.Build.0 = Debug|Any CPU
		{F7FCBB5F-EEA6-4EC5-8334-6613E98AADFA}.Release|Any CPU.ActiveCfg = Release|Any CPU
		{F7FCBB5F-EEA6-4EC5-8334-6613E98AADFA}.Release|Any CPU.Build.0 = Release|Any CPU
		{2EDFF476-000E-47EE-8863-C1175D6E12FD}.Debug|Any CPU.ActiveCfg = Debug|Any CPU
		{2EDFF476-000E-47EE-8863-C1175D6E12FD}.Debug|Any CPU.Build.0 = Debug|Any CPU
		{2EDFF476-000E-47EE-8863-C1175D6E12FD}.Release|Any CPU.ActiveCfg = Release|Any CPU
		{2EDFF476-000E-47EE-8863-C1175D6E12FD}.Release|Any CPU.Build.0 = Release|Any CPU
		{C8F4A41E-90A3-4B9B-B6D2-E1EE20B571FC}.Debug|Any CPU.ActiveCfg = Debug|Any CPU
		{C8F4A41E-90A3-4B9B-B6D2-E1EE20B571FC}.Debug|Any CPU.Build.0 = Debug|Any CPU
		{C8F4A41E-90A3-4B9B-B6D2-E1EE20B571FC}.Release|Any CPU.ActiveCfg = Release|Any CPU
		{C8F4A41E-90A3-4B9B-B6D2-E1EE20B571FC}.Release|Any CPU.Build.0 = Release|Any CPU
		{600E493F-214B-46A8-BE0D-1EB24B72FD1E}.Debug|Any CPU.ActiveCfg = Debug|Any CPU
		{600E493F-214B-46A8-BE0D-1EB24B72FD1E}.Debug|Any CPU.Build.0 = Debug|Any CPU
		{600E493F-214B-46A8-BE0D-1EB24B72FD1E}.Release|Any CPU.ActiveCfg = Release|Any CPU
		{600E493F-214B-46A8-BE0D-1EB24B72FD1E}.Release|Any CPU.Build.0 = Release|Any CPU
		{C4787A18-600A-471E-9184-65815050932B}.Debug|Any CPU.ActiveCfg = Debug|Any CPU
		{C4787A18-600A-471E-9184-65815050932B}.Debug|Any CPU.Build.0 = Debug|Any CPU
		{C4787A18-600A-471E-9184-65815050932B}.Release|Any CPU.ActiveCfg = Release|Any CPU
		{C4787A18-600A-471E-9184-65815050932B}.Release|Any CPU.Build.0 = Release|Any CPU
	EndGlobalSection
	GlobalSection(SolutionProperties) = preSolution
		HideSolutionNode = FALSE
	EndGlobalSection
EndGlobal
